{
  "version": "5",
  "specifiers": {
    "npm:preact-render-to-string@^6.5.13": "6.6.3_preact@10.27.2",
    "npm:preact@^10.26.6": "10.27.2"
  },
  "npm": {
    "preact-render-to-string@6.6.3_preact@10.27.2": {
      "integrity": "sha512-7oHG7jzjriqsFPkSPiPnzrQ0GcxFm6wOkYWNdStK5Ks9YlWSQQXKGBRAX4nKDdqX7HAQuRvI4pZNZMycK4WwDw==",
      "dependencies": [
        "preact"
      ]
    },
    "preact@10.27.2": {
      "integrity": "sha512-5SYSgFKSyhCbk6SrXyMpqjb5+MQBgfvEKE/OC+PujcY34sOpqtr+0AZQtPYx5IA6VxynQ7rUPCtKzyovpj9Bpg=="
    }
  },
  "workspace": {
    "dependencies": [
      "npm:preact-render-to-string@^6.5.13",
      "npm:preact@^10.26.6"
    ],
    "members": {
      "lib": {
        "dependencies": [
          "npm:preact-render-to-string@^6.5.13",
          "npm:preact@^10.26.6"
        ]
      }
    }
  }
}
